
Microsoft Visual Studio Solution File, Format Version 12.00
# Visual Studio Version 16
VisualStudioVersion = 16.0.31112.23
MinimumVisualStudioVersion = 10.0.40219.1
Project("{FAE04EC0-301F-11D3-BF4B-00C04F79EFBC}") = "WebApp", "WebApp\WebApp.csproj", "{1A356939-53B0-4BB2-8194-43C7F386DF18}"
EndProject
Global
	GlobalSection(SolutionConfigurationPlatforms) = preSolution
		Debug|Any CPU = Debug|Any CPU
		Release|Any CPU = Release|Any CPU
	EndGlobalSection
	GlobalSection(ProjectConfigurationPlatforms) = postSolution
		{1A356939-53B0-4BB2-8194-43C7F386DF18}.Debug|Any CPU.ActiveCfg = Debug|Any CPU
		{1A356939-53B0-4BB2-8194-43C7F386DF18}.Debug|Any CPU.Build.0 = Debug|Any CPU
		{1A356939-53B0-4BB2-8194-43C7F386DF18}.Release|Any CPU.ActiveCfg = Release|Any CPU
		{1A356939-53B0-4BB2-8194-43C7F386DF18}.Release|Any CPU.Build.0 = Release|Any CPU
	EndGlobalSection
	GlobalSection(SolutionProperties) = preSolution
		HideSolutionNode = FALSE
	EndGlobalSection
	GlobalSection(ExtensibilityGlobals) = postSolution
		SolutionGuid = {90D01EDD-083F-4B22-82F9-3783B8566DC3}
	EndGlobalSection
EndGlobal
